
Microsoft Visual Studio Solution File, Format Version 12.00
# Visual Studio Version 17
VisualStudioVersion = 17.1.32328.378
MinimumVisualStudioVersion = 10.0.40219.1
Project("{2150E333-8FDC-42A3-9474-1A3956D46DE8}") = "Solution Items", "Solution Items", "{DFF6CE65-3709-4469-9553-C71DE49C5991}"
	ProjectSection(SolutionItems) = preProject
		Antaganden.txt = Antaganden.txt
	EndProjectSection
EndProject
Project("{9A19103F-16F7-4668-BE54-9A1E7A4F7556}") = "CustomerManager", "src\CustomerManager\CustomerManager.csproj", "{26FCCD34-5C4F-4FC5-97D2-D5A69DAA0122}"
EndProject
Project("{9A19103F-16F7-4668-BE54-9A1E7A4F7556}") = "LoanManager", "src\LoanManager\LoanManager.csproj", "{5106434B-5794-4F91-BB70-6C6DF84A2294}"
EndProject
Project("{9A19103F-16F7-4668-BE54-9A1E7A4F7556}") = "IdentityManager", "src\IdentityManager\IdentityManager.csproj", "{EC1450B7-DC95-4674-9C9C-B7ABC5B43333}"
EndProject
Project("{9A19103F-16F7-4668-BE54-9A1E7A4F7556}") = "TestdataGenerator", "src\TestdataGenerator\TestdataGenerator.csproj", "{26B64DB1-3AD3-4148-AE4E-4910B28E173A}"
EndProject
Project("{9A19103F-16F7-4668-BE54-9A1E7A4F7556}") = "MessageLibrary", "src\MessageLibrary\MessageLibrary.csproj", "{F6748DC5-B859-4D1A-AA1E-ED413517A27D}"
EndProject
Project("{9A19103F-16F7-4668-BE54-9A1E7A4F7556}") = "NorthStarGraphQL", "src\NorthStarGraphQL\NorthStarGraphQL.csproj", "{1790F6C9-B010-4D68-B2A9-C92AE76ECC5B}"
EndProject
Project("{9A19103F-16F7-4668-BE54-9A1E7A4F7556}") = "CommonLib", "src\CommonLib\CommonLib.csproj", "{F307DF75-D28F-40D1-823E-CB0AFEB6AA8C}"
EndProject
Global
	GlobalSection(SolutionConfigurationPlatforms) = preSolution
		Debug|Any CPU = Debug|Any CPU
		Release|Any CPU = Release|Any CPU
	EndGlobalSection
	GlobalSection(ProjectConfigurationPlatforms) = postSolution
		{26FCCD34-5C4F-4FC5-97D2-D5A69DAA0122}.Debug|Any CPU.ActiveCfg = Debug|Any CPU
		{26FCCD34-5C4F-4FC5-97D2-D5A69DAA0122}.Debug|Any CPU.Build.0 = Debug|Any CPU
		{26FCCD34-5C4F-4FC5-97D2-D5A69DAA0122}.Release|Any CPU.ActiveCfg = Release|Any CPU
		{26FCCD34-5C4F-4FC5-97D2-D5A69DAA0122}.Release|Any CPU.Build.0 = Release|Any CPU
		{5106434B-5794-4F91-BB70-6C6DF84A2294}.Debug|Any CPU.ActiveCfg = Debug|Any CPU
		{5106434B-5794-4F91-BB70-6C6DF84A2294}.Debug|Any CPU.Build.0 = Debug|Any CPU
		{5106434B-5794-4F91-BB70-6C6DF84A2294}.Release|Any CPU.ActiveCfg = Release|Any CPU
		{5106434B-5794-4F91-BB70-6C6DF84A2294}.Release|Any CPU.Build.0 = Release|Any CPU
		{EC1450B7-DC95-4674-9C9C-B7ABC5B43333}.Debug|Any CPU.ActiveCfg = Debug|Any CPU
		{EC1450B7-DC95-4674-9C9C-B7ABC5B43333}.Debug|Any CPU.Build.0 = Debug|Any CPU
		{EC1450B7-DC95-4674-9C9C-B7ABC5B43333}.Release|Any CPU.ActiveCfg = Release|Any CPU
		{EC1450B7-DC95-4674-9C9C-B7ABC5B43333}.Release|Any CPU.Build.0 = Release|Any CPU
		{26B64DB1-3AD3-4148-AE4E-4910B28E173A}.Debug|Any CPU.ActiveCfg = Debug|Any CPU
		{26B64DB1-3AD3-4148-AE4E-4910B28E173A}.Debug|Any CPU.Build.0 = Debug|Any CPU
		{26B64DB1-3AD3-4148-AE4E-4910B28E173A}.Release|Any CPU.ActiveCfg = Release|Any CPU
		{26B64DB1-3AD3-4148-AE4E-4910B28E173A}.Release|Any CPU.Build.0 = Release|Any CPU
		{F6748DC5-B859-4D1A-AA1E-ED413517A27D}.Debug|Any CPU.ActiveCfg = Debug|Any CPU
		{F6748DC5-B859-4D1A-AA1E-ED413517A27D}.Debug|Any CPU.Build.0 = Debug|Any CPU
		{F6748DC5-B859-4D1A-AA1E-ED413517A27D}.Release|Any CPU.ActiveCfg = Release|Any CPU
		{F6748DC5-B859-4D1A-AA1E-ED413517A27D}.Release|Any CPU.Build.0 = Release|Any CPU
		{1790F6C9-B010-4D68-B2A9-C92AE76ECC5B}.Debug|Any CPU.ActiveCfg = Debug|Any CPU
		{1790F6C9-B010-4D68-B2A9-C92AE76ECC5B}.Debug|Any CPU.Build.0 = Debug|Any CPU
		{1790F6C9-B010-4D68-B2A9-C92AE76ECC5B}.Release|Any CPU.ActiveCfg = Release|Any CPU
		{1790F6C9-B010-4D68-B2A9-C92AE76ECC5B}.Release|Any CPU.Build.0 = Release|Any CPU
		{F307DF75-D28F-40D1-823E-CB0AFEB6AA8C}.Debug|Any CPU.ActiveCfg = Debug|Any CPU
		{F307DF75-D28F-40D1-823E-CB0AFEB6AA8C}.Debug|Any CPU.Build.0 = Debug|Any CPU
		{F307DF75-D28F-40D1-823E-CB0AFEB6AA8C}.Release|Any CPU.ActiveCfg = Release|Any CPU
		{F307DF75-D28F-40D1-823E-CB0AFEB6AA8C}.Release|Any CPU.Build.0 = Release|Any CPU
	EndGlobalSection
	GlobalSection(SolutionProperties) = preSolution
		HideSolutionNode = FALSE
	EndGlobalSection
	GlobalSection(ExtensibilityGlobals) = postSolution
		SolutionGuid = {0CD0F592-0A1B-4EAC-A311-F230A02F8D0A}
	EndGlobalSection
EndGlobal
