
Microsoft Visual Studio Solution File, Format Version 12.00
# Visual Studio Version 17
VisualStudioVersion = 17.1.32328.378
MinimumVisualStudioVersion = 10.0.40219.1
Project("{2150E333-8FDC-42A3-9474-1A3956D46DE8}") = "Solution Items", "Solution Items", "{DFF6CE65-3709-4469-9553-C71DE49C5991}"
	ProjectSection(SolutionItems) = preProject
		Antaganden.txt = Antaganden.txt
	EndProjectSection
EndProject
Project("{9A19103F-16F7-4668-BE54-9A1E7A4F7556}") = "UserManager", "src\UserManager\UserManager.csproj", "{26FCCD34-5C4F-4FC5-97D2-D5A69DAA0122}"
EndProject
Project("{9A19103F-16F7-4668-BE54-9A1E7A4F7556}") = "IdentityManager", "src\IdentityManager\IdentityManager.csproj", "{EC1450B7-DC95-4674-9C9C-B7ABC5B43333}"
EndProject
Project("{9A19103F-16F7-4668-BE54-9A1E7A4F7556}") = "MessageLibrary", "src\MessageLibrary\MessageLibrary.csproj", "{F6748DC5-B859-4D1A-AA1E-ED413517A27D}"
EndProject
Project("{9A19103F-16F7-4668-BE54-9A1E7A4F7556}") = "NorthStarGraphQL", "src\NorthStarGraphQL\NorthStarGraphQL.csproj", "{1790F6C9-B010-4D68-B2A9-C92AE76ECC5B}"
EndProject
Project("{9A19103F-16F7-4668-BE54-9A1E7A4F7556}") = "CommonLib", "src\CommonLib\CommonLib.csproj", "{F307DF75-D28F-40D1-823E-CB0AFEB6AA8C}"
EndProject
Project("{9A19103F-16F7-4668-BE54-9A1E7A4F7556}") = "RelationManager", "src\RelationManager\RelationManager.csproj", "{E4704EF1-1ADD-46E7-8909-3B37A3FC1C63}"
EndProject
Project("{E53339B2-1760-4266-BCC7-CA923CBCF16C}") = "docker-compose", "docker\docker-compose.dcproj", "{D4D4503E-CEF9-4015-A1C2-AB2B174D85C9}"
EndProject
Project("{2150E333-8FDC-42A3-9474-1A3956D46DE8}") = "Services", "Services", "{FACD94BE-B4DD-40E8-95C6-F5F0066E5388}"
EndProject
Project("{2150E333-8FDC-42A3-9474-1A3956D46DE8}") = "Library", "Library", "{DEB2FA92-C2A6-461E-9371-9DB63A840B4C}"
EndProject
Project("{2150E333-8FDC-42A3-9474-1A3956D46DE8}") = "Test", "Test", "{4F05DEED-F503-4E82-AE87-45CE47E59E59}"
EndProject
Project("{9A19103F-16F7-4668-BE54-9A1E7A4F7556}") = "GeneratorWeb", "src\GeneratorWeb\GeneratorWeb.csproj", "{9C290B3C-AB8C-405E-AF34-683557F9EFF8}"
EndProject
Project("{FAE04EC0-301F-11D3-BF4B-00C04F79EFBC}") = "SampleManager", "src\SampleManager\SampleManager.csproj", "{33F0B590-545D-45B0-A8D0-BA1C07BE2541}"
EndProject
Global
	GlobalSection(SolutionConfigurationPlatforms) = preSolution
		Debug|Any CPU = Debug|Any CPU
		Release|Any CPU = Release|Any CPU
	EndGlobalSection
	GlobalSection(ProjectConfigurationPlatforms) = postSolution
		{26FCCD34-5C4F-4FC5-97D2-D5A69DAA0122}.Debug|Any CPU.ActiveCfg = Debug|Any CPU
		{26FCCD34-5C4F-4FC5-97D2-D5A69DAA0122}.Debug|Any CPU.Build.0 = Debug|Any CPU
		{26FCCD34-5C4F-4FC5-97D2-D5A69DAA0122}.Release|Any CPU.ActiveCfg = Release|Any CPU
		{26FCCD34-5C4F-4FC5-97D2-D5A69DAA0122}.Release|Any CPU.Build.0 = Release|Any CPU
		{EC1450B7-DC95-4674-9C9C-B7ABC5B43333}.Debug|Any CPU.ActiveCfg = Debug|Any CPU
		{EC1450B7-DC95-4674-9C9C-B7ABC5B43333}.Debug|Any CPU.Build.0 = Debug|Any CPU
		{EC1450B7-DC95-4674-9C9C-B7ABC5B43333}.Release|Any CPU.ActiveCfg = Release|Any CPU
		{EC1450B7-DC95-4674-9C9C-B7ABC5B43333}.Release|Any CPU.Build.0 = Release|Any CPU
		{F6748DC5-B859-4D1A-AA1E-ED413517A27D}.Debug|Any CPU.ActiveCfg = Debug|Any CPU
		{F6748DC5-B859-4D1A-AA1E-ED413517A27D}.Debug|Any CPU.Build.0 = Debug|Any CPU
		{F6748DC5-B859-4D1A-AA1E-ED413517A27D}.Release|Any CPU.ActiveCfg = Release|Any CPU
		{F6748DC5-B859-4D1A-AA1E-ED413517A27D}.Release|Any CPU.Build.0 = Release|Any CPU
		{1790F6C9-B010-4D68-B2A9-C92AE76ECC5B}.Debug|Any CPU.ActiveCfg = Debug|Any CPU
		{1790F6C9-B010-4D68-B2A9-C92AE76ECC5B}.Debug|Any CPU.Build.0 = Debug|Any CPU
		{1790F6C9-B010-4D68-B2A9-C92AE76ECC5B}.Release|Any CPU.ActiveCfg = Release|Any CPU
		{1790F6C9-B010-4D68-B2A9-C92AE76ECC5B}.Release|Any CPU.Build.0 = Release|Any CPU
		{F307DF75-D28F-40D1-823E-CB0AFEB6AA8C}.Debug|Any CPU.ActiveCfg = Debug|Any CPU
		{F307DF75-D28F-40D1-823E-CB0AFEB6AA8C}.Debug|Any CPU.Build.0 = Debug|Any CPU
		{F307DF75-D28F-40D1-823E-CB0AFEB6AA8C}.Release|Any CPU.ActiveCfg = Release|Any CPU
		{F307DF75-D28F-40D1-823E-CB0AFEB6AA8C}.Release|Any CPU.Build.0 = Release|Any CPU
		{E4704EF1-1ADD-46E7-8909-3B37A3FC1C63}.Debug|Any CPU.ActiveCfg = Debug|Any CPU
		{E4704EF1-1ADD-46E7-8909-3B37A3FC1C63}.Debug|Any CPU.Build.0 = Debug|Any CPU
		{E4704EF1-1ADD-46E7-8909-3B37A3FC1C63}.Release|Any CPU.ActiveCfg = Release|Any CPU
		{E4704EF1-1ADD-46E7-8909-3B37A3FC1C63}.Release|Any CPU.Build.0 = Release|Any CPU
		{D4D4503E-CEF9-4015-A1C2-AB2B174D85C9}.Debug|Any CPU.ActiveCfg = Debug|Any CPU
		{D4D4503E-CEF9-4015-A1C2-AB2B174D85C9}.Debug|Any CPU.Build.0 = Debug|Any CPU
		{D4D4503E-CEF9-4015-A1C2-AB2B174D85C9}.Release|Any CPU.ActiveCfg = Release|Any CPU
		{D4D4503E-CEF9-4015-A1C2-AB2B174D85C9}.Release|Any CPU.Build.0 = Release|Any CPU
		{9C290B3C-AB8C-405E-AF34-683557F9EFF8}.Debug|Any CPU.ActiveCfg = Debug|Any CPU
		{9C290B3C-AB8C-405E-AF34-683557F9EFF8}.Debug|Any CPU.Build.0 = Debug|Any CPU
		{9C290B3C-AB8C-405E-AF34-683557F9EFF8}.Release|Any CPU.ActiveCfg = Release|Any CPU
		{9C290B3C-AB8C-405E-AF34-683557F9EFF8}.Release|Any CPU.Build.0 = Release|Any CPU
		{33F0B590-545D-45B0-A8D0-BA1C07BE2541}.Debug|Any CPU.ActiveCfg = Debug|Any CPU
		{33F0B590-545D-45B0-A8D0-BA1C07BE2541}.Debug|Any CPU.Build.0 = Debug|Any CPU
		{33F0B590-545D-45B0-A8D0-BA1C07BE2541}.Release|Any CPU.ActiveCfg = Release|Any CPU
		{33F0B590-545D-45B0-A8D0-BA1C07BE2541}.Release|Any CPU.Build.0 = Release|Any CPU
	EndGlobalSection
	GlobalSection(SolutionProperties) = preSolution
		HideSolutionNode = FALSE
	EndGlobalSection
	GlobalSection(NestedProjects) = preSolution
		{26FCCD34-5C4F-4FC5-97D2-D5A69DAA0122} = {FACD94BE-B4DD-40E8-95C6-F5F0066E5388}
		{EC1450B7-DC95-4674-9C9C-B7ABC5B43333} = {FACD94BE-B4DD-40E8-95C6-F5F0066E5388}
		{F6748DC5-B859-4D1A-AA1E-ED413517A27D} = {DEB2FA92-C2A6-461E-9371-9DB63A840B4C}
		{1790F6C9-B010-4D68-B2A9-C92AE76ECC5B} = {FACD94BE-B4DD-40E8-95C6-F5F0066E5388}
		{F307DF75-D28F-40D1-823E-CB0AFEB6AA8C} = {DEB2FA92-C2A6-461E-9371-9DB63A840B4C}
		{E4704EF1-1ADD-46E7-8909-3B37A3FC1C63} = {FACD94BE-B4DD-40E8-95C6-F5F0066E5388}
		{9C290B3C-AB8C-405E-AF34-683557F9EFF8} = {4F05DEED-F503-4E82-AE87-45CE47E59E59}
		{33F0B590-545D-45B0-A8D0-BA1C07BE2541} = {FACD94BE-B4DD-40E8-95C6-F5F0066E5388}
	EndGlobalSection
	GlobalSection(ExtensibilityGlobals) = postSolution
		SolutionGuid = {0CD0F592-0A1B-4EAC-A311-F230A02F8D0A}
	EndGlobalSection
EndGlobal
